{
  "name": "TP6_SIMULACION",
  "lockfileVersion": 3,
  "requires": true,
  "packages": {
    "": {
      "dependencies": {
        "fitter": "^0.2.2"
      }
    },
    "node_modules/fitter": {
      "version": "0.2.2",
      "resolved": "https://registry.npmjs.org/fitter/-/fitter-0.2.2.tgz",
      "integrity": "sha512-iAXMstfjpvFnwojbEwxgVadodWAFvw+kTr5JZ2jY5z2ewFNjMG2fBd5Ht8UK6zijGu4/nAySXDDUx0J3VP0qRA==",
      "license": "MIT"
    }
  }
}
